<?xml version="1.0" encoding="utf-8"?>
<Project ToolsVersion="4.0" xmlns="http://schemas.microsoft.com/developer/msbuild/2003">
  <ItemGroup>
    <Filter Include="헤더 파일">
      <UniqueIdentifier>{93995380-89BD-4b04-88EB-625FBE52EBFB}</UniqueIdentifier>
      <Extensions>h;hh;hpp;hxx;h++;hm;inl;inc;ipp;xsd</Extensions>
    </Filter>
    <Filter Include="리소스 파일">
      <UniqueIdentifier>{67DA6AB6-F800-4c08-8B7A-83BB121AAD01}</UniqueIdentifier>
      <Extensions>rc;ico;cur;bmp;dlg;rc2;rct;bin;rgs;gif;jpg;jpeg;jpe;resx;tiff;tif;png;wav;mfcribbon-ms</Extensions>
    </Filter>
    <Filter Include="리소스 파일\right">
      <UniqueIdentifier>{897f8d40-803e-48f9-8cf0-2df448c63569}</UniqueIdentifier>
    </Filter>
    <Filter Include="리소스 파일\distort">
      <UniqueIdentifier>{423b0463-83e9-46c1-bdd8-bc0744dbd715}</UniqueIdentifier>
    </Filter>
    <Filter Include="소스 파일">
      <UniqueIdentifier>{072fc0b7-7992-4490-a117-280f4d634133}</UniqueIdentifier>
    </Filter>
  </ItemGroup>
  <ItemGroup>
    <Image Include="..\..\imgsource\test.jpg">
      <Filter>리소스 파일\distort</Filter>
    </Image>
    <Image Include="..\..\imgsource\test2.jpg">
      <Filter>리소스 파일\distort</Filter>
    </Image>
    <Image Include="..\..\imgsource\test90.jpg">
      <Filter>리소스 파일\distort</Filter>
    </Image>
    <Image Include="..\..\imgsource\dot_15.png">
      <Filter>리소스 파일\right</Filter>
    </Image>
    <Image Include="..\..\imgsource\dot_30.png">
      <Filter>리소스 파일\right</Filter>
    </Image>
    <Image Include="..\..\imgsource\dot_base.png">
      <Filter>리소스 파일\right</Filter>
    </Image>
    <Image Include="..\..\imgsource\dot45.png">
      <Filter>리소스 파일\right</Filter>
    </Image>
  </ItemGroup>
  <ItemGroup>
    <ClCompile Include="video.cpp">
      <Filter>소스 파일</Filter>
    </ClCompile>
  </ItemGroup>
</Project>